
Microsoft Visual Studio Solution File, Format Version 12.00
# Visual Studio Version 17
VisualStudioVersion = 17.13.35806.99 d17.13
MinimumVisualStudioVersion = 10.0.40219.1
Project("{FAE04EC0-301F-11D3-BF4B-00C04F79EFBC}") = "BankaOdev", "BankaOdev\BankaOdev.csproj", "{D6DB4727-C4DD-4EC7-9229-9DF2EB921250}"
EndProject
Global
	GlobalSection(SolutionConfigurationPlatforms) = preSolution
		Debug|Any CPU = Debug|Any CPU
		Release|Any CPU = Release|Any CPU
	EndGlobalSection
	GlobalSection(ProjectConfigurationPlatforms) = postSolution
		{D6DB4727-C4DD-4EC7-9229-9DF2EB921250}.Debug|Any CPU.ActiveCfg = Debug|Any CPU
		{D6DB4727-C4DD-4EC7-9229-9DF2EB921250}.Debug|Any CPU.Build.0 = Debug|Any CPU
		{D6DB4727-C4DD-4EC7-9229-9DF2EB921250}.Release|Any CPU.ActiveCfg = Release|Any CPU
		{D6DB4727-C4DD-4EC7-9229-9DF2EB921250}.Release|Any CPU.Build.0 = Release|Any CPU
	EndGlobalSection
	GlobalSection(SolutionProperties) = preSolution
		HideSolutionNode = FALSE
	EndGlobalSection
	GlobalSection(ExtensibilityGlobals) = postSolution
		SolutionGuid = {3425FD21-27CC-46B7-8B29-95FF6D33A1D9}
	EndGlobalSection
EndGlobal
